# This file is automatically @generated by Cargo.
# It is not intended for manual editing.
[[package]]
name = "macros"
version = "0.0.0"
dependencies = [
 "proc-macro2",
 "quote",
]

[[package]]
name = "proc-macro2"
version = "1.0.24"
dependencies = [
 "unicode-xid",
]

[[package]]
name = "quote"
version = "1.0.8"
dependencies = [
 "proc-macro2",
]

[[package]]
name = "simple-compiler-test"
version = "0.0.0"
dependencies = [
 "macros",
]

[[package]]
name = "unicode-xid"
version = "0.2.1"
